
Microsoft Visual Studio Solution File, Format Version 12.00
# Visual Studio Version 17
VisualStudioVersion = 17.10.35013.160
MinimumVisualStudioVersion = 10.0.40219.1
Project("{FAE04EC0-301F-11D3-BF4B-00C04F79EFBC}") = "Backend", "Backend\Backend.csproj", "{3893635B-7660-4A45-9743-EA3CA25CEF82}"
EndProject
Project("{FAE04EC0-301F-11D3-BF4B-00C04F79EFBC}") = "Frontend", "Frontend\Frontend.csproj", "{49A9F89C-67C1-4EAA-BC84-90664AD6AA65}"
EndProject
Project("{FAE04EC0-301F-11D3-BF4B-00C04F79EFBC}") = "Models", "Models\Models.csproj", "{44F429BE-20B4-4D52-BE81-1657478D893D}"
EndProject
Global
	GlobalSection(SolutionConfigurationPlatforms) = preSolution
		Debug|Any CPU = Debug|Any CPU
		Release|Any CPU = Release|Any CPU
	EndGlobalSection
	GlobalSection(ProjectConfigurationPlatforms) = postSolution
		{3893635B-7660-4A45-9743-EA3CA25CEF82}.Debug|Any CPU.ActiveCfg = Debug|Any CPU
		{3893635B-7660-4A45-9743-EA3CA25CEF82}.Debug|Any CPU.Build.0 = Debug|Any CPU
		{3893635B-7660-4A45-9743-EA3CA25CEF82}.Release|Any CPU.ActiveCfg = Release|Any CPU
		{3893635B-7660-4A45-9743-EA3CA25CEF82}.Release|Any CPU.Build.0 = Release|Any CPU
		{49A9F89C-67C1-4EAA-BC84-90664AD6AA65}.Debug|Any CPU.ActiveCfg = Debug|Any CPU
		{49A9F89C-67C1-4EAA-BC84-90664AD6AA65}.Debug|Any CPU.Build.0 = Debug|Any CPU
		{49A9F89C-67C1-4EAA-BC84-90664AD6AA65}.Release|Any CPU.ActiveCfg = Release|Any CPU
		{49A9F89C-67C1-4EAA-BC84-90664AD6AA65}.Release|Any CPU.Build.0 = Release|Any CPU
		{44F429BE-20B4-4D52-BE81-1657478D893D}.Debug|Any CPU.ActiveCfg = Debug|Any CPU
		{44F429BE-20B4-4D52-BE81-1657478D893D}.Debug|Any CPU.Build.0 = Debug|Any CPU
		{44F429BE-20B4-4D52-BE81-1657478D893D}.Release|Any CPU.ActiveCfg = Release|Any CPU
		{44F429BE-20B4-4D52-BE81-1657478D893D}.Release|Any CPU.Build.0 = Release|Any CPU
	EndGlobalSection
	GlobalSection(SolutionProperties) = preSolution
		HideSolutionNode = FALSE
	EndGlobalSection
	GlobalSection(ExtensibilityGlobals) = postSolution
		SolutionGuid = {1B7C95F4-F6D9-4107-8E4C-7997B3C1B639}
	EndGlobalSection
EndGlobal
